
Microsoft Visual Studio Solution File, Format Version 12.00
# Visual Studio Version 16
VisualStudioVersion = 16.0.31112.23
MinimumVisualStudioVersion = 10.0.40219.1
Project("{9A19103F-16F7-4668-BE54-9A1E7A4F7556}") = "EFCoreDemo", "EFCoreDemo.csproj", "{EED7009C-6FEC-4704-AD1D-F869AEA1987C}"
EndProject
Project("{FAE04EC0-301F-11D3-BF4B-00C04F79EFBC}") = "TPH", "..\TPH\TPH.csproj", "{48DB0E60-4383-4253-949D-6E9A01837E64}"
EndProject
Global
	GlobalSection(SolutionConfigurationPlatforms) = preSolution
		Debug|Any CPU = Debug|Any CPU
		Release|Any CPU = Release|Any CPU
	EndGlobalSection
	GlobalSection(ProjectConfigurationPlatforms) = postSolution
		{EED7009C-6FEC-4704-AD1D-F869AEA1987C}.Debug|Any CPU.ActiveCfg = Debug|Any CPU
		{EED7009C-6FEC-4704-AD1D-F869AEA1987C}.Debug|Any CPU.Build.0 = Debug|Any CPU
		{EED7009C-6FEC-4704-AD1D-F869AEA1987C}.Release|Any CPU.ActiveCfg = Release|Any CPU
		{EED7009C-6FEC-4704-AD1D-F869AEA1987C}.Release|Any CPU.Build.0 = Release|Any CPU
		{48DB0E60-4383-4253-949D-6E9A01837E64}.Debug|Any CPU.ActiveCfg = Debug|Any CPU
		{48DB0E60-4383-4253-949D-6E9A01837E64}.Debug|Any CPU.Build.0 = Debug|Any CPU
		{48DB0E60-4383-4253-949D-6E9A01837E64}.Release|Any CPU.ActiveCfg = Release|Any CPU
		{48DB0E60-4383-4253-949D-6E9A01837E64}.Release|Any CPU.Build.0 = Release|Any CPU
	EndGlobalSection
	GlobalSection(SolutionProperties) = preSolution
		HideSolutionNode = FALSE
	EndGlobalSection
	GlobalSection(ExtensibilityGlobals) = postSolution
		SolutionGuid = {E039EDE4-70E4-4CDD-BBAC-9758A2501578}
	EndGlobalSection
EndGlobal
